
Microsoft Visual Studio Solution File, Format Version 12.00
# Visual Studio Version 17
VisualStudioVersion = 17.7.34221.43
MinimumVisualStudioVersion = 10.0.40219.1
Project("{FAE04EC0-301F-11D3-BF4B-00C04F79EFBC}") = "Odev5", "Odev5\Odev5.csproj", "{F740A97C-140D-469B-9B6D-94373F7AB526}"
EndProject
Global
	GlobalSection(SolutionConfigurationPlatforms) = preSolution
		Debug|Any CPU = Debug|Any CPU
		Release|Any CPU = Release|Any CPU
	EndGlobalSection
	GlobalSection(ProjectConfigurationPlatforms) = postSolution
		{F740A97C-140D-469B-9B6D-94373F7AB526}.Debug|Any CPU.ActiveCfg = Debug|Any CPU
		{F740A97C-140D-469B-9B6D-94373F7AB526}.Debug|Any CPU.Build.0 = Debug|Any CPU
		{F740A97C-140D-469B-9B6D-94373F7AB526}.Release|Any CPU.ActiveCfg = Release|Any CPU
		{F740A97C-140D-469B-9B6D-94373F7AB526}.Release|Any CPU.Build.0 = Release|Any CPU
	EndGlobalSection
	GlobalSection(SolutionProperties) = preSolution
		HideSolutionNode = FALSE
	EndGlobalSection
	GlobalSection(ExtensibilityGlobals) = postSolution
		SolutionGuid = {2E87D3BB-D837-47DB-9379-7D6037EE634A}
	EndGlobalSection
EndGlobal
